// !$*UTF8*$!
{
	archiveVersion = 1;
	classes = {
	};
	objectVersion = 46;
	objects = {

/* Begin PBXBuildFile section */
		8646BC991E1EBBF500D12808 /* AppDelegate.swift in Sources */ = {isa = PBXBuildFile; fileRef = 8646BC981E1EBBF500D12808 /* AppDelegate.swift */; };
		8646BC9B1E1EBBF500D12808 /* ViewController.swift in Sources */ = {isa = PBXBuildFile; fileRef = 8646BC9A1E1EBBF500D12808 /* ViewController.swift */; };
		8646BC9E1E1EBBF500D12808 /* Main.storyboard in Resources */ = {isa = PBXBuildFile; fileRef = 8646BC9C1E1EBBF500D12808 /* Main.storyboard */; };
		8646BCA01E1EBBF500D12808 /* Assets.xcassets in Resources */ = {isa = PBXBuildFile; fileRef = 8646BC9F1E1EBBF500D12808 /* Assets.xcassets */; };
		8646BCA31E1EBBF500D12808 /* LaunchScreen.storyboard in Resources */ = {isa = PBXBuildFile; fileRef = 8646BCA11E1EBBF500D12808 /* LaunchScreen.storyboard */; };
		8646BCAE1E1EBBF500D12808 /* Example_ProjectTests.swift in Sources */ = {isa = PBXBuildFile; fileRef = 8646BCAD1E1EBBF500D12808 /* Example_ProjectTests.swift */; };
		8646BCB91E1EBC8A00D12808 /* ContentProvider.swift in Sources */ = {isa = PBXBuildFile; fileRef = 8646BCB81E1EBC8A00D12808 /* ContentProvider.swift */; };
/* End PBXBuildFile section */

/* Begin PBXContainerItemProxy section */
		8646BCAA1E1EBBF500D12808 /* PBXContainerItemProxy */ = {
			isa = PBXContainerItemProxy;
			containerPortal = 8646BC8D1E1EBBF500D12808 /* Project object */;
			proxyType = 1;
			remoteGlobalIDString = 8646BC941E1EBBF500D12808;
			remoteInfo = "Example Project";
		};
/* End PBXContainerItemProxy section */

/* Begin PBXFileReference section */
		8646BC951E1EBBF500D12808 /* Example Project.app */ = {isa = PBXFileReference; explicitFileType = wrapper.application; includeInIndex = 0; path = "Example Project.app"; sourceTree = BUILT_PRODUCTS_DIR; };
		8646BC981E1EBBF500D12808 /* AppDelegate.swift */ = {isa = PBXFileReference; lastKnownFileType = sourcecode.swift; path = AppDelegate.swift; sourceTree = "<group>"; };
		8646BC9A1E1EBBF500D12808 /* ViewController.swift */ = {isa = PBXFileReference; lastKnownFileType = sourcecode.swift; path = ViewController.swift; sourceTree = "<group>"; };
		8646BC9D1E1EBBF500D12808 /* Base */ = {isa = PBXFileReference; lastKnownFileType = file.storyboard; name = Base; path = Base.lproj/Main.storyboard; sourceTree = "<group>"; };
		8646BC9F1E1EBBF500D12808 /* Assets.xcassets */ = {isa = PBXFileReference; lastKnownFileType = folder.assetcatalog; path = Assets.xcassets; sourceTree = "<group>"; };
		8646BCA21E1EBBF500D12808 /* Base */ = {isa = PBXFileReference; lastKnownFileType = file.storyboard; name = Base; path = Base.lproj/LaunchScreen.storyboard; sourceTree = "<group>"; };
		8646BCA41E1EBBF500D12808 /* Info.plist */ = {isa = PBXFileReference; lastKnownFileType = text.plist.xml; path = Info.plist; sourceTree = "<group>"; };
		8646BCA91E1EBBF500D12808 /* Example ProjectTests.xctest */ = {isa = PBXFileReference; explicitFileType = wrapper.cfbundle; includeInIndex = 0; path = "Example ProjectTests.xctest"; sourceTree = BUILT_PRODUCTS_DIR; };
		8646BCAD1E1EBBF500D12808 /* Example_ProjectTests.swift */ = {isa = PBXFileReference; lastKnownFileType = sourcecode.swift; path = Example_ProjectTests.swift; sourceTree = "<group>"; };
		8646BCAF1E1EBBF500D12808 /* Info.plist */ = {isa = PBXFileReference; lastKnownFileType = text.plist.xml; path = Info.plist; sourceTree = "<group>"; };
		8646BCB81E1EBC8A00D12808 /* ContentProvider.swift */ = {isa = PBXFileReference; fileEncoding = 4; lastKnownFileType = sourcecode.swift; path = ContentProvider.swift; sourceTree = "<group>"; };
/* End PBXFileReference section */

/* Begin PBXFrameworksBuildPhase section */
		8646BC921E1EBBF500D12808 /* Frameworks */ = {
			isa = PBXFrameworksBuildPhase;
			buildActionMask = 2147483647;
			files = (
			);
			runOnlyForDeploymentPostprocessing = 0;
		};
		8646BCA61E1EBBF500D12808 /* Frameworks */ = {
			isa = PBXFrameworksBuildPhase;
			buildActionMask = 2147483647;
			files = (
			);
			runOnlyForDeploymentPostprocessing = 0;
		};
/* End PBXFrameworksBuildPhase section */

/* Begin PBXGroup section */
		8646BC8C1E1EBBF500D12808 = {
			isa = PBXGroup;
			children = (
				8646BC971E1EBBF500D12808 /* Example Project */,
				8646BCAC1E1EBBF500D12808 /* Example ProjectTests */,
				8646BC961E1EBBF500D12808 /* Products */,
			);
			sourceTree = "<group>";
		};
		8646BC961E1EBBF500D12808 /* Products */ = {
			isa = PBXGroup;
			children = (
				8646BC951E1EBBF500D12808 /* Example Project.app */,
				8646BCA91E1EBBF500D12808 /* Example ProjectTests.xctest */,
			);
			name = Products;
			sourceTree = "<group>";
		};
		8646BC971E1EBBF500D12808 /* Example Project */ = {
			isa = PBXGroup;
			children = (
				8646BC981E1EBBF500D12808 /* AppDelegate.swift */,
				8646BC9A1E1EBBF500D12808 /* ViewController.swift */,
				8646BC9C1E1EBBF500D12808 /* Main.storyboard */,
				8646BC9F1E1EBBF500D12808 /* Assets.xcassets */,
				8646BCA11E1EBBF500D12808 /* LaunchScreen.storyboard */,
				8646BCA41E1EBBF500D12808 /* Info.plist */,
				8646BCB81E1EBC8A00D12808 /* ContentProvider.swift */,
			);
			path = "Example Project";
			sourceTree = "<group>";
		};
		8646BCAC1E1EBBF500D12808 /* Example ProjectTests */ = {
			isa = PBXGroup;
			children = (
				8646BCAD1E1EBBF500D12808 /* Example_ProjectTests.swift */,
				8646BCAF1E1EBBF500D12808 /* Info.plist */,
			);
			path = "Example ProjectTests";
			sourceTree = "<group>";
		};
/* End PBXGroup section */

/* Begin PBXNativeTarget section */
		8646BC941E1EBBF500D12808 /* Example Project */ = {
			isa = PBXNativeTarget;
			buildConfigurationList = 8646BCB21E1EBBF500D12808 /* Build configuration list for PBXNativeTarget "Example Project" */;
			buildPhases = (
				8646BC911E1EBBF500D12808 /* Sources */,
				8646BC921E1EBBF500D12808 /* Frameworks */,
				8646BC931E1EBBF500D12808 /* Resources */,
			);
			buildRules = (
			);
			dependencies = (
			);
			name = "Example Project";
			productName = "Example Project";
			productReference = 8646BC951E1EBBF500D12808 /* Example Project.app */;
			productType = "com.apple.product-type.application";
		};
		8646BCA81E1EBBF500D12808 /* Example ProjectTests */ = {
			isa = PBXNativeTarget;
			buildConfigurationList = 8646BCB51E1EBBF500D12808 /* Build configuration list for PBXNativeTarget "Example ProjectTests" */;
			buildPhases = (
				8646BCA51E1EBBF500D12808 /* Sources */,
				8646BCA61E1EBBF500D12808 /* Frameworks */,
				8646BCA71E1EBBF500D12808 /* Resources */,
			);
			buildRules = (
			);
			dependencies = (
				8646BCAB1E1EBBF500D12808 /* PBXTargetDependency */,
			);
			name = "Example ProjectTests";
			productName = "Example ProjectTests";
			productReference = 8646BCA91E1EBBF500D12808 /* Example ProjectTests.xctest */;
			productType = "com.apple.product-type.bundle.unit-test";
		};
/* End PBXNativeTarget section */

/* Begin PBXProject section */
		8646BC8D1E1EBBF500D12808 /* Project object */ = {
			isa = PBXProject;
			attributes = {
				LastSwiftUpdateCheck = 0820;
				LastUpgradeCheck = 0820;
				ORGANIZATIONNAME = "iYrke";
				TargetAttributes = {
					8646BC941E1EBBF500D12808 = {
						CreatedOnToolsVersion = 8.2.1;
						DevelopmentTeam = 957K4ZUMJV;
						ProvisioningStyle = Automatic;
					};
					8646BCA81E1EBBF500D12808 = {
						CreatedOnToolsVersion = 8.2.1;
						DevelopmentTeam = 957K4ZUMJV;
						ProvisioningStyle = Manual;
						TestTargetID = 8646BC941E1EBBF500D12808;
					};
				};
			};
			buildConfigurationList = 8646BC901E1EBBF500D12808 /* Build configuration list for PBXProject "Example Project" */;
			compatibilityVersion = "Xcode 3.2";
			developmentRegion = English;
			hasScannedForEncodings = 0;
			knownRegions = (
				en,
				Base,
			);
			mainGroup = 8646BC8C1E1EBBF500D12808;
			productRefGroup = 8646BC961E1EBBF500D12808 /* Products */;
			projectDirPath = "";
			projectRoot = "";
			targets = (
				8646BC941E1EBBF500D12808 /* Example Project */,
				8646BCA81E1EBBF500D12808 /* Example ProjectTests */,
			);
		};
/* End PBXProject section */

/* Begin PBXResourcesBuildPhase section */
		8646BC931E1EBBF500D12808 /* Resources */ = {
			isa = PBXResourcesBuildPhase;
			buildActionMask = 2147483647;
			files = (
				8646BCA31E1EBBF500D12808 /* LaunchScreen.storyboard in Resources */,
				8646BCA01E1EBBF500D12808 /* Assets.xcassets in Resources */,
				8646BC9E1E1EBBF500D12808 /* Main.storyboard in Resources */,
			);
			runOnlyForDeploymentPostprocessing = 0;
		};
		8646BCA71E1EBBF500D12808 /* Resources */ = {
			isa = PBXResourcesBuildPhase;
			buildActionMask = 2147483647;
			files = (
			);
			runOnlyForDeploymentPostprocessing = 0;
		};
/* End PBXResourcesBuildPhase section */

/* Begin PBXSourcesBuildPhase section */
		8646BC911E1EBBF500D12808 /* Sources */ = {
			isa = PBXSourcesBuildPhase;
			buildActionMask = 2147483647;
			files = (
				8646BCB91E1EBC8A00D12808 /* ContentProvider.swift in Sources */,
				8646BC9B1E1EBBF500D12808 /* ViewController.swift in Sources */,
				8646BC991E1EBBF500D12808 /* AppDelegate.swift in Sources */,
			);
			runOnlyForDeploymentPostprocessing = 0;
		};
		8646BCA51E1EBBF500D12808 /* Sources */ = {
			isa = PBXSourcesBuildPhase;
			buildActionMask = 2147483647;
			files = (
				8646BCAE1E1EBBF500D12808 /* Example_ProjectTests.swift in Sources */,
			);
			runOnlyForDeploymentPostprocessing = 0;
		};
/* End PBXSourcesBuildPhase section */

/* Begin PBXTargetDependency section */
		8646BCAB1E1EBBF500D12808 /* PBXTargetDependency */ = {
			isa = PBXTargetDependency;
			target = 8646BC941E1EBBF500D12808 /* Example Project */;
			targetProxy = 8646BCAA1E1EBBF500D12808 /* PBXContainerItemProxy */;
		};
/* End PBXTargetDependency section */

/* Begin PBXVariantGroup section */
		8646BC9C1E1EBBF500D12808 /* Main.storyboard */ = {
			isa = PBXVariantGroup;
			children = (
				8646BC9D1E1EBBF500D12808 /* Base */,
			);
			name = Main.storyboard;
			sourceTree = "<group>";
		};
		8646BCA11E1EBBF500D12808 /* LaunchScreen.storyboard */ = {
			isa = PBXVariantGroup;
			children = (
				8646BCA21E1EBBF500D12808 /* Base */,
			);
			name = LaunchScreen.storyboard;
			sourceTree = "<group>";
		};
/* End PBXVariantGroup section */

/* Begin XCBuildConfiguration section */
		86081B4D1E1ED8E200D2AFAC /* Alpha */ = {
			isa = XCBuildConfiguration;
			buildSettings = {
				ALWAYS_SEARCH_USER_PATHS = NO;
				CLANG_ANALYZER_NONNULL = YES;
				CLANG_CXX_LANGUAGE_STANDARD = "gnu++0x";
				CLANG_CXX_LIBRARY = "libc++";
				CLANG_ENABLE_MODULES = YES;
				CLANG_ENABLE_OBJC_ARC = YES;
				CLANG_WARN_BOOL_CONVERSION = YES;
				CLANG_WARN_CONSTANT_CONVERSION = YES;
				CLANG_WARN_DIRECT_OBJC_ISA_USAGE = YES_ERROR;
				CLANG_WARN_DOCUMENTATION_COMMENTS = YES;
				CLANG_WARN_EMPTY_BODY = YES;
				CLANG_WARN_ENUM_CONVERSION = YES;
				CLANG_WARN_INFINITE_RECURSION = YES;
				CLANG_WARN_INT_CONVERSION = YES;
				CLANG_WARN_OBJC_ROOT_CLASS = YES_ERROR;
				CLANG_WARN_SUSPICIOUS_MOVE = YES;
				CLANG_WARN_UNREACHABLE_CODE = YES;
				CLANG_WARN__DUPLICATE_METHOD_MATCH = YES;
				"CODE_SIGN_IDENTITY[sdk=iphoneos*]" = "iPhone Developer";
				COPY_PHASE_STRIP = NO;
				DEBUG_INFORMATION_FORMAT = dwarf;
				ENABLE_STRICT_OBJC_MSGSEND = YES;
				ENABLE_TESTABILITY = YES;
				GCC_C_LANGUAGE_STANDARD = gnu99;
				GCC_DYNAMIC_NO_PIC = NO;
				GCC_NO_COMMON_BLOCKS = YES;
				GCC_OPTIMIZATION_LEVEL = 0;
				GCC_PREPROCESSOR_DEFINITIONS = (
					"DEBUG=1",
					"$(inherited)",
				);
				GCC_WARN_64_TO_32_BIT_CONVERSION = YES;
				GCC_WARN_ABOUT_RETURN_TYPE = YES_ERROR;
				GCC_WARN_UNDECLARED_SELECTOR = YES;
				GCC_WARN_UNINITIALIZED_AUTOS = YES_AGGRESSIVE;
				GCC_WARN_UNUSED_FUNCTION = YES;
				GCC_WARN_UNUSED_VARIABLE = YES;
				IPHONEOS_DEPLOYMENT_TARGET = 10.2;
				MTL_ENABLE_DEBUG_INFO = YES;
				ONLY_ACTIVE_ARCH = YES;
				SDKROOT = iphoneos;
				SWIFT_ACTIVE_COMPILATION_CONDITIONS = DEBUG;
				SWIFT_OPTIMIZATION_LEVEL = "-Onone";
				TARGETED_DEVICE_FAMILY = "1,2";
			};
			name = Alpha;
		};
		86081B4E1E1ED8E200D2AFAC /* Alpha */ = {
			isa = XCBuildConfiguration;
			buildSettings = {
				ASSETCATALOG_COMPILER_APPICON_NAME = AppIcon;
				"CODE_SIGN_IDENTITY[sdk=iphoneos*]" = "iPhone Distribution";
				DEVELOPMENT_TEAM = 957K4ZUMJV;
				INFOPLIST_FILE = "Example Project/Info.plist";
				LD_RUNPATH_SEARCH_PATHS = "$(inherited) @executable_path/Frameworks";
				PRODUCT_BUNDLE_IDENTIFIER = com.iyorke.example;
				PRODUCT_NAME = "$(TARGET_NAME)";
				PROVISIONING_PROFILE = "45691fa0-6eda-44e7-8037-c939ec8f6554";
				PROVISIONING_PROFILE_SPECIFIER = "Example Ad Hoc";
				SWIFT_VERSION = 3.0;
			};
			name = Alpha;
		};
		86081B4F1E1ED8E200D2AFAC /* Alpha */ = {
			isa = XCBuildConfiguration;
			buildSettings = {
				ALWAYS_EMBED_SWIFT_STANDARD_LIBRARIES = YES;
				BUNDLE_LOADER = "$(TEST_HOST)";
				DEVELOPMENT_TEAM = 957K4ZUMJV;
				INFOPLIST_FILE = "Example ProjectTests/Info.plist";
				LD_RUNPATH_SEARCH_PATHS = "$(inherited) @executable_path/Frameworks @loader_path/Frameworks";
				PRODUCT_BUNDLE_IDENTIFIER = "com.iyorke.Example-ProjectTests";
				PRODUCT_NAME = "$(TARGET_NAME)";
				SWIFT_VERSION = 3.0;
				TEST_HOST = "$(BUILT_PRODUCTS_DIR)/Example Project.app/Example Project";
			};
			name = Alpha;
		};
		86081B501E1F199C00D2AFAC /* Beta */ = {
			isa = XCBuildConfiguration;
			buildSettings = {
				ALWAYS_SEARCH_USER_PATHS = NO;
				CLANG_ANALYZER_NONNULL = YES;
				CLANG_CXX_LANGUAGE_STANDARD = "gnu++0x";
				CLANG_CXX_LIBRARY = "libc++";
				CLANG_ENABLE_MODULES = YES;
				CLANG_ENABLE_OBJC_ARC = YES;
				CLANG_WARN_BOOL_CONVERSION = YES;
				CLANG_WARN_CONSTANT_CONVERSION = YES;
				CLANG_WARN_DIRECT_OBJC_ISA_USAGE = YES_ERROR;
				CLANG_WARN_DOCUMENTATION_COMMENTS = YES;
				CLANG_WARN_EMPTY_BODY = YES;
				CLANG_WARN_ENUM_CONVERSION = YES;
				CLANG_WARN_INFINITE_RECURSION = YES;
				CLANG_WARN_INT_CONVERSION = YES;
				CLANG_WARN_OBJC_ROOT_CLASS = YES_ERROR;
				CLANG_WARN_SUSPICIOUS_MOVE = YES;
				CLANG_WARN_UNREACHABLE_CODE = YES;
				CLANG_WARN__DUPLICATE_METHOD_MATCH = YES;
				"CODE_SIGN_IDENTITY[sdk=iphoneos*]" = "iPhone Developer";
				COPY_PHASE_STRIP = NO;
				DEBUG_INFORMATION_FORMAT = dwarf;
				ENABLE_STRICT_OBJC_MSGSEND = YES;
				ENABLE_TESTABILITY = YES;
				GCC_C_LANGUAGE_STANDARD = gnu99;
				GCC_DYNAMIC_NO_PIC = NO;
				GCC_NO_COMMON_BLOCKS = YES;
				GCC_OPTIMIZATION_LEVEL = 0;
				GCC_PREPROCESSOR_DEFINITIONS = (
					"DEBUG=1",
					"$(inherited)",
				);
				GCC_WARN_64_TO_32_BIT_CONVERSION = YES;
				GCC_WARN_ABOUT_RETURN_TYPE = YES_ERROR;
				GCC_WARN_UNDECLARED_SELECTOR = YES;
				GCC_WARN_UNINITIALIZED_AUTOS = YES_AGGRESSIVE;
				GCC_WARN_UNUSED_FUNCTION = YES;
				GCC_WARN_UNUSED_VARIABLE = YES;
				IPHONEOS_DEPLOYMENT_TARGET = 10.2;
				MTL_ENABLE_DEBUG_INFO = YES;
				ONLY_ACTIVE_ARCH = YES;
				SDKROOT = iphoneos;
				SWIFT_ACTIVE_COMPILATION_CONDITIONS = DEBUG;
				SWIFT_OPTIMIZATION_LEVEL = "-Onone";
				TARGETED_DEVICE_FAMILY = "1,2";
			};
			name = Beta;
		};
		86081B511E1F199C00D2AFAC /* Beta */ = {
			isa = XCBuildConfiguration;
			buildSettings = {
				ASSETCATALOG_COMPILER_APPICON_NAME = AppIcon;
				"CODE_SIGN_IDENTITY[sdk=iphoneos*]" = "iPhone Distribution";
				DEVELOPMENT_TEAM = 957K4ZUMJV;
				INFOPLIST_FILE = "Example Project/Info.plist";
				LD_RUNPATH_SEARCH_PATHS = "$(inherited) @executable_path/Frameworks";
				PRODUCT_BUNDLE_IDENTIFIER = com.iyorke.example;
				PRODUCT_NAME = "$(TARGET_NAME)";
				PROVISIONING_PROFILE = "acdc4a87-c8e4-4fa7-981a-cd33a5588b1a";
				PROVISIONING_PROFILE_SPECIFIER = "Example Distribution";
				SWIFT_VERSION = 3.0;
			};
			name = Beta;
		};
		86081B521E1F199C00D2AFAC /* Beta */ = {
			isa = XCBuildConfiguration;
			buildSettings = {
				ALWAYS_EMBED_SWIFT_STANDARD_LIBRARIES = YES;
				BUNDLE_LOADER = "$(TEST_HOST)";
				DEVELOPMENT_TEAM = 957K4ZUMJV;
				INFOPLIST_FILE = "Example ProjectTests/Info.plist";
				LD_RUNPATH_SEARCH_PATHS = "$(inherited) @executable_path/Frameworks @loader_path/Frameworks";
				PRODUCT_BUNDLE_IDENTIFIER = "com.iyorke.Example-ProjectTests";
				PRODUCT_NAME = "$(TARGET_NAME)";
				SWIFT_VERSION = 3.0;
				TEST_HOST = "$(BUILT_PRODUCTS_DIR)/Example Project.app/Example Project";
			};
			name = Beta;
		};
		8646BCB01E1EBBF500D12808 /* Debug */ = {
			isa = XCBuildConfiguration;
			buildSettings = {
				ALWAYS_SEARCH_USER_PATHS = NO;
				CLANG_ANALYZER_NONNULL = YES;
				CLANG_CXX_LANGUAGE_STANDARD = "gnu++0x";
				CLANG_CXX_LIBRARY = "libc++";
				CLANG_ENABLE_MODULES = YES;
				CLANG_ENABLE_OBJC_ARC = YES;
				CLANG_WARN_BOOL_CONVERSION = YES;
				CLANG_WARN_CONSTANT_CONVERSION = YES;
				CLANG_WARN_DIRECT_OBJC_ISA_USAGE = YES_ERROR;
				CLANG_WARN_DOCUMENTATION_COMMENTS = YES;
				CLANG_WARN_EMPTY_BODY = YES;
				CLANG_WARN_ENUM_CONVERSION = YES;
				CLANG_WARN_INFINITE_RECURSION = YES;
				CLANG_WARN_INT_CONVERSION = YES;
				CLANG_WARN_OBJC_ROOT_CLASS = YES_ERROR;
				CLANG_WARN_SUSPICIOUS_MOVE = YES;
				CLANG_WARN_UNREACHABLE_CODE = YES;
				CLANG_WARN__DUPLICATE_METHOD_MATCH = YES;
				"CODE_SIGN_IDENTITY[sdk=iphoneos*]" = "iPhone Developer";
				COPY_PHASE_STRIP = NO;
				DEBUG_INFORMATION_FORMAT = dwarf;
				ENABLE_STRICT_OBJC_MSGSEND = YES;
				ENABLE_TESTABILITY = YES;
				GCC_C_LANGUAGE_STANDARD = gnu99;
				GCC_DYNAMIC_NO_PIC = NO;
				GCC_NO_COMMON_BLOCKS = YES;
				GCC_OPTIMIZATION_LEVEL = 0;
				GCC_PREPROCESSOR_DEFINITIONS = (
					"DEBUG=1",
					"$(inherited)",
				);
				GCC_WARN_64_TO_32_BIT_CONVERSION = YES;
				GCC_WARN_ABOUT_RETURN_TYPE = YES_ERROR;
				GCC_WARN_UNDECLARED_SELECTOR = YES;
				GCC_WARN_UNINITIALIZED_AUTOS = YES_AGGRESSIVE;
				GCC_WARN_UNUSED_FUNCTION = YES;
				GCC_WARN_UNUSED_VARIABLE = YES;
				IPHONEOS_DEPLOYMENT_TARGET = 10.2;
				MTL_ENABLE_DEBUG_INFO = YES;
				ONLY_ACTIVE_ARCH = YES;
				SDKROOT = iphoneos;
				SWIFT_ACTIVE_COMPILATION_CONDITIONS = DEBUG;
				SWIFT_OPTIMIZATION_LEVEL = "-Onone";
				TARGETED_DEVICE_FAMILY = "1,2";
			};
			name = Debug;
		};
		8646BCB11E1EBBF500D12808 /* Release */ = {
			isa = XCBuildConfiguration;
			buildSettings = {
				ALWAYS_SEARCH_USER_PATHS = NO;
				CLANG_ANALYZER_NONNULL = YES;
				CLANG_CXX_LANGUAGE_STANDARD = "gnu++0x";
				CLANG_CXX_LIBRARY = "libc++";
				CLANG_ENABLE_MODULES = YES;
				CLANG_ENABLE_OBJC_ARC = YES;
				CLANG_WARN_BOOL_CONVERSION = YES;
				CLANG_WARN_CONSTANT_CONVERSION = YES;
				CLANG_WARN_DIRECT_OBJC_ISA_USAGE = YES_ERROR;
				CLANG_WARN_DOCUMENTATION_COMMENTS = YES;
				CLANG_WARN_EMPTY_BODY = YES;
				CLANG_WARN_ENUM_CONVERSION = YES;
				CLANG_WARN_INFINITE_RECURSION = YES;
				CLANG_WARN_INT_CONVERSION = YES;
				CLANG_WARN_OBJC_ROOT_CLASS = YES_ERROR;
				CLANG_WARN_SUSPICIOUS_MOVE = YES;
				CLANG_WARN_UNREACHABLE_CODE = YES;
				CLANG_WARN__DUPLICATE_METHOD_MATCH = YES;
				"CODE_SIGN_IDENTITY[sdk=iphoneos*]" = "iPhone Developer";
				COPY_PHASE_STRIP = NO;
				DEBUG_INFORMATION_FORMAT = "dwarf-with-dsym";
				ENABLE_NS_ASSERTIONS = NO;
				ENABLE_STRICT_OBJC_MSGSEND = YES;
				GCC_C_LANGUAGE_STANDARD = gnu99;
				GCC_NO_COMMON_BLOCKS = YES;
				GCC_WARN_64_TO_32_BIT_CONVERSION = YES;
				GCC_WARN_ABOUT_RETURN_TYPE = YES_ERROR;
				GCC_WARN_UNDECLARED_SELECTOR = YES;
				GCC_WARN_UNINITIALIZED_AUTOS = YES_AGGRESSIVE;
				GCC_WARN_UNUSED_FUNCTION = YES;
				GCC_WARN_UNUSED_VARIABLE = YES;
				IPHONEOS_DEPLOYMENT_TARGET = 10.2;
				MTL_ENABLE_DEBUG_INFO = NO;
				SDKROOT = iphoneos;
				SWIFT_OPTIMIZATION_LEVEL = "-Owholemodule";
				TARGETED_DEVICE_FAMILY = "1,2";
				VALIDATE_PRODUCT = YES;
			};
			name = Release;
		};
		8646BCB31E1EBBF500D12808 /* Debug */ = {
			isa = XCBuildConfiguration;
			buildSettings = {
				ASSETCATALOG_COMPILER_APPICON_NAME = AppIcon;
				"CODE_SIGN_IDENTITY[sdk=iphoneos*]" = "iPhone Developer";
				DEVELOPMENT_TEAM = 957K4ZUMJV;
				INFOPLIST_FILE = "Example Project/Info.plist";
				LD_RUNPATH_SEARCH_PATHS = "$(inherited) @executable_path/Frameworks";
				PRODUCT_BUNDLE_IDENTIFIER = com.iyorke.example;
				PRODUCT_NAME = "$(TARGET_NAME)";
				PROVISIONING_PROFILE = "";
				PROVISIONING_PROFILE_SPECIFIER = "";
				SWIFT_VERSION = 3.0;
			};
			name = Debug;
		};
		8646BCB41E1EBBF500D12808 /* Release */ = {
			isa = XCBuildConfiguration;
			buildSettings = {
				ASSETCATALOG_COMPILER_APPICON_NAME = AppIcon;
				CODE_SIGN_IDENTITY = "iPhone Distribution: The New York Times Company";
				"CODE_SIGN_IDENTITY[sdk=iphoneos*]" = "iPhone Distribution: The New York Times Company";
				DEVELOPMENT_TEAM = 957K4ZUMJV;
				INFOPLIST_FILE = "Example Project/Info.plist";
				LD_RUNPATH_SEARCH_PATHS = "$(inherited) @executable_path/Frameworks";
				PRODUCT_BUNDLE_IDENTIFIER = com.iyorke.example;
				PRODUCT_NAME = "$(TARGET_NAME)";
				PROVISIONING_PROFILE = "";
				PROVISIONING_PROFILE_SPECIFIER = "2558c19e-7609-4540-a9ad-1fc2b176a4ca";
				SWIFT_VERSION = 3.0;
			};
			name = Release;
		};
		8646BCB61E1EBBF500D12808 /* Debug */ = {
			isa = XCBuildConfiguration;
			buildSettings = {
				ALWAYS_EMBED_SWIFT_STANDARD_LIBRARIES = YES;
				BUNDLE_LOADER = "$(TEST_HOST)";
				DEVELOPMENT_TEAM = 957K4ZUMJV;
				INFOPLIST_FILE = "Example ProjectTests/Info.plist";
				LD_RUNPATH_SEARCH_PATHS = "$(inherited) @executable_path/Frameworks @loader_path/Frameworks";
				PRODUCT_BUNDLE_IDENTIFIER = "com.iyorke.Example-ProjectTests";
				PRODUCT_NAME = "$(TARGET_NAME)";
				SWIFT_VERSION = 3.0;
				TEST_HOST = "$(BUILT_PRODUCTS_DIR)/Example Project.app/Example Project";
			};
			name = Debug;
		};
		8646BCB71E1EBBF500D12808 /* Release */ = {
			isa = XCBuildConfiguration;
			buildSettings = {
				ALWAYS_EMBED_SWIFT_STANDARD_LIBRARIES = YES;
				BUNDLE_LOADER = "$(TEST_HOST)";
				DEVELOPMENT_TEAM = 957K4ZUMJV;
				INFOPLIST_FILE = "Example ProjectTests/Info.plist";
				LD_RUNPATH_SEARCH_PATHS = "$(inherited) @executable_path/Frameworks @loader_path/Frameworks";
				PRODUCT_BUNDLE_IDENTIFIER = "com.iyorke.Example-ProjectTests";
				PRODUCT_NAME = "$(TARGET_NAME)";
				SWIFT_VERSION = 3.0;
				TEST_HOST = "$(BUILT_PRODUCTS_DIR)/Example Project.app/Example Project";
			};
			name = Release;
		};
/* End XCBuildConfiguration section */

/* Begin XCConfigurationList section */
		8646BC901E1EBBF500D12808 /* Build configuration list for PBXProject "Example Project" */ = {
			isa = XCConfigurationList;
			buildConfigurations = (
				8646BCB01E1EBBF500D12808 /* Debug */,
				86081B4D1E1ED8E200D2AFAC /* Alpha */,
				86081B501E1F199C00D2AFAC /* Beta */,
				8646BCB11E1EBBF500D12808 /* Release */,
			);
			defaultConfigurationIsVisible = 0;
			defaultConfigurationName = Release;
		};
		8646BCB21E1EBBF500D12808 /* Build configuration list for PBXNativeTarget "Example Project" */ = {
			isa = XCConfigurationList;
			buildConfigurations = (
				8646BCB31E1EBBF500D12808 /* Debug */,
				86081B4E1E1ED8E200D2AFAC /* Alpha */,
				86081B511E1F199C00D2AFAC /* Beta */,
				8646BCB41E1EBBF500D12808 /* Release */,
			);
			defaultConfigurationIsVisible = 0;
			defaultConfigurationName = Release;
		};
		8646BCB51E1EBBF500D12808 /* Build configuration list for PBXNativeTarget "Example ProjectTests" */ = {
			isa = XCConfigurationList;
			buildConfigurations = (
				8646BCB61E1EBBF500D12808 /* Debug */,
				86081B4F1E1ED8E200D2AFAC /* Alpha */,
				86081B521E1F199C00D2AFAC /* Beta */,
				8646BCB71E1EBBF500D12808 /* Release */,
			);
			defaultConfigurationIsVisible = 0;
			defaultConfigurationName = Release;
		};
/* End XCConfigurationList section */
	};
	rootObject = 8646BC8D1E1EBBF500D12808 /* Project object */;
}
